
Microsoft Visual Studio Solution File, Format Version 12.00
# Visual Studio Version 17
VisualStudioVersion = 17.5.33502.453
MinimumVisualStudioVersion = 10.0.40219.1
Project("{9A19103F-16F7-4668-BE54-9A1E7A4F7556}") = "NewShore", "NewShore.csproj", "{A2D5AE81-896D-4F04-9D4B-652E5F13FDF0}"
EndProject
Project("{9A19103F-16F7-4668-BE54-9A1E7A4F7556}") = "DataAccessEF", "..\DataAccessEF\DataAccessEF.csproj", "{22817674-5D00-4ABA-942C-F2A8DD2C79FB}"
EndProject
Project("{9A19103F-16F7-4668-BE54-9A1E7A4F7556}") = "Domain", "..\Domain\Domain.csproj", "{B5D9D8FA-6D16-4209-A390-280087A342A9}"
EndProject
Project("{FAE04EC0-301F-11D3-BF4B-00C04F79EFBC}") = "UseCase", "..\UseCase\UseCase.csproj", "{21D6E5C5-247B-481C-AFE2-91F406BD085E}"
EndProject
Global
	GlobalSection(SolutionConfigurationPlatforms) = preSolution
		Debug|Any CPU = Debug|Any CPU
		Release|Any CPU = Release|Any CPU
	EndGlobalSection
	GlobalSection(ProjectConfigurationPlatforms) = postSolution
		{A2D5AE81-896D-4F04-9D4B-652E5F13FDF0}.Debug|Any CPU.ActiveCfg = Debug|Any CPU
		{A2D5AE81-896D-4F04-9D4B-652E5F13FDF0}.Debug|Any CPU.Build.0 = Debug|Any CPU
		{A2D5AE81-896D-4F04-9D4B-652E5F13FDF0}.Release|Any CPU.ActiveCfg = Release|Any CPU
		{A2D5AE81-896D-4F04-9D4B-652E5F13FDF0}.Release|Any CPU.Build.0 = Release|Any CPU
		{22817674-5D00-4ABA-942C-F2A8DD2C79FB}.Debug|Any CPU.ActiveCfg = Debug|Any CPU
		{22817674-5D00-4ABA-942C-F2A8DD2C79FB}.Debug|Any CPU.Build.0 = Debug|Any CPU
		{22817674-5D00-4ABA-942C-F2A8DD2C79FB}.Release|Any CPU.ActiveCfg = Release|Any CPU
		{22817674-5D00-4ABA-942C-F2A8DD2C79FB}.Release|Any CPU.Build.0 = Release|Any CPU
		{B5D9D8FA-6D16-4209-A390-280087A342A9}.Debug|Any CPU.ActiveCfg = Debug|Any CPU
		{B5D9D8FA-6D16-4209-A390-280087A342A9}.Debug|Any CPU.Build.0 = Debug|Any CPU
		{B5D9D8FA-6D16-4209-A390-280087A342A9}.Release|Any CPU.ActiveCfg = Release|Any CPU
		{B5D9D8FA-6D16-4209-A390-280087A342A9}.Release|Any CPU.Build.0 = Release|Any CPU
		{21D6E5C5-247B-481C-AFE2-91F406BD085E}.Debug|Any CPU.ActiveCfg = Debug|Any CPU
		{21D6E5C5-247B-481C-AFE2-91F406BD085E}.Debug|Any CPU.Build.0 = Debug|Any CPU
		{21D6E5C5-247B-481C-AFE2-91F406BD085E}.Release|Any CPU.ActiveCfg = Release|Any CPU
		{21D6E5C5-247B-481C-AFE2-91F406BD085E}.Release|Any CPU.Build.0 = Release|Any CPU
	EndGlobalSection
	GlobalSection(SolutionProperties) = preSolution
		HideSolutionNode = FALSE
	EndGlobalSection
	GlobalSection(ExtensibilityGlobals) = postSolution
		SolutionGuid = {BA20F201-EAFE-469A-BE79-C65FF4106F87}
	EndGlobalSection
EndGlobal
